
Microsoft Visual Studio Solution File, Format Version 12.00
# Visual Studio Version 16
VisualStudioVersion = 16.0.29215.179
MinimumVisualStudioVersion = 10.0.40219.1
Project("{FAE04EC0-301F-11D3-BF4B-00C04F79EFBC}") = "SimplicitC", "SimplicitC\SimplicitC.csproj", "{4E43EB97-BDDD-4B7C-9E8F-18634E253EA8}"
EndProject
Project("{FAE04EC0-301F-11D3-BF4B-00C04F79EFBC}") = "SimplicitCStdLib", "SimplicitCStdLib\SimplicitCStdLib.csproj", "{08C71814-8729-4C33-9E58-73473AD918C2}"
EndProject
Global
	GlobalSection(SolutionConfigurationPlatforms) = preSolution
		Debug|Any CPU = Debug|Any CPU
		Release|Any CPU = Release|Any CPU
	EndGlobalSection
	GlobalSection(ProjectConfigurationPlatforms) = postSolution
		{4E43EB97-BDDD-4B7C-9E8F-18634E253EA8}.Debug|Any CPU.ActiveCfg = Debug|Any CPU
		{4E43EB97-BDDD-4B7C-9E8F-18634E253EA8}.Debug|Any CPU.Build.0 = Debug|Any CPU
		{4E43EB97-BDDD-4B7C-9E8F-18634E253EA8}.Release|Any CPU.ActiveCfg = Release|Any CPU
		{4E43EB97-BDDD-4B7C-9E8F-18634E253EA8}.Release|Any CPU.Build.0 = Release|Any CPU
		{08C71814-8729-4C33-9E58-73473AD918C2}.Debug|Any CPU.ActiveCfg = Debug|Any CPU
		{08C71814-8729-4C33-9E58-73473AD918C2}.Debug|Any CPU.Build.0 = Debug|Any CPU
		{08C71814-8729-4C33-9E58-73473AD918C2}.Release|Any CPU.ActiveCfg = Release|Any CPU
		{08C71814-8729-4C33-9E58-73473AD918C2}.Release|Any CPU.Build.0 = Release|Any CPU
	EndGlobalSection
	GlobalSection(SolutionProperties) = preSolution
		HideSolutionNode = FALSE
	EndGlobalSection
	GlobalSection(ExtensibilityGlobals) = postSolution
		SolutionGuid = {B5E68764-03A1-476D-A39B-43F64EB2BE6C}
	EndGlobalSection
EndGlobal
